// !$*UTF8*$!
{
	archiveVersion = 1;
	classes = {
	};
	objectVersion = 51;
	objects = {

/* Begin PBXBuildFile section */
		0000E63D239CF469007BC775 /* AccordionViewController.swift in Sources */ = {isa = PBXBuildFile; fileRef = 0000E63C239CF469007BC775 /* AccordionViewController.swift */; };
		0000E63F239CF473007BC775 /* CountryTableViewCell.swift in Sources */ = {isa = PBXBuildFile; fileRef = 0000E63E239CF473007BC775 /* CountryTableViewCell.swift */; };
		0000E641239CF48A007BC775 /* Models1.swift in Sources */ = {isa = PBXBuildFile; fileRef = 0000E640239CF48A007BC775 /* Models1.swift */; };
		5425F3C9236CC1F500BD2AC8 /* AppDelegate.swift in Sources */ = {isa = PBXBuildFile; fileRef = 5425F3C8236CC1F500BD2AC8 /* AppDelegate.swift */; };
		5425F3CE236CC1F500BD2AC8 /* Main.storyboard in Resources */ = {isa = PBXBuildFile; fileRef = 5425F3CC236CC1F500BD2AC8 /* Main.storyboard */; };
		5425F3D0236CC1F800BD2AC8 /* Assets.xcassets in Resources */ = {isa = PBXBuildFile; fileRef = 5425F3CF236CC1F800BD2AC8 /* Assets.xcassets */; };
		5425F3D3236CC1F800BD2AC8 /* LaunchScreen.storyboard in Resources */ = {isa = PBXBuildFile; fileRef = 5425F3D1236CC1F800BD2AC8 /* LaunchScreen.storyboard */; };
		5425F3FA236CC2DD00BD2AC8 /* LoginVC.swift in Sources */ = {isa = PBXBuildFile; fileRef = 5425F3F9236CC2DD00BD2AC8 /* LoginVC.swift */; };
		5425F403236CC42D00BD2AC8 /* RoundView.swift in Sources */ = {isa = PBXBuildFile; fileRef = 5425F3FC236CC42D00BD2AC8 /* RoundView.swift */; };
		5425F404236CC42D00BD2AC8 /* CustomTextFields.swift in Sources */ = {isa = PBXBuildFile; fileRef = 5425F3FD236CC42D00BD2AC8 /* CustomTextFields.swift */; };
		5425F405236CC42D00BD2AC8 /* CustomButton.swift in Sources */ = {isa = PBXBuildFile; fileRef = 5425F3FE236CC42D00BD2AC8 /* CustomButton.swift */; };
		5425F40C236CC6F900BD2AC8 /* Colors.swift in Sources */ = {isa = PBXBuildFile; fileRef = 5425F40B236CC6F800BD2AC8 /* Colors.swift */; };
		54352A9E237EB65F0066EB44 /* GalleryCell.swift in Sources */ = {isa = PBXBuildFile; fileRef = 54352A9D237EB65F0066EB44 /* GalleryCell.swift */; };
		54352AA5237ECA3C0066EB44 /* FilterCell.swift in Sources */ = {isa = PBXBuildFile; fileRef = 54352AA3237ECA3C0066EB44 /* FilterCell.swift */; };
		54352AA6237ECA3C0066EB44 /* FavoriteVC.swift in Sources */ = {isa = PBXBuildFile; fileRef = 54352AA4237ECA3C0066EB44 /* FavoriteVC.swift */; };
		5439F22523814E0B0004CAF3 /* MenuHeaderView.swift in Sources */ = {isa = PBXBuildFile; fileRef = 5439F22223814E0B0004CAF3 /* MenuHeaderView.swift */; };
		5439F22623814E0B0004CAF3 /* MenuHeaderView.xib in Resources */ = {isa = PBXBuildFile; fileRef = 5439F22323814E0B0004CAF3 /* MenuHeaderView.xib */; };
		5439F22723814E0B0004CAF3 /* MenuTableCell.swift in Sources */ = {isa = PBXBuildFile; fileRef = 5439F22423814E0B0004CAF3 /* MenuTableCell.swift */; };
		5439F22923814E3F0004CAF3 /* MenuVC.swift in Sources */ = {isa = PBXBuildFile; fileRef = 5439F22823814E3F0004CAF3 /* MenuVC.swift */; };
		5439F22B23814F5A0004CAF3 /* Presenter.swift in Sources */ = {isa = PBXBuildFile; fileRef = 5439F22A23814F5A0004CAF3 /* Presenter.swift */; };
		5439F22D238151930004CAF3 /* DrawerVC.swift in Sources */ = {isa = PBXBuildFile; fileRef = 5439F22C238151930004CAF3 /* DrawerVC.swift */; };
		5439F24B2381521B0004CAF3 /* KYEmbedDrawerControllerSegue.swift in Sources */ = {isa = PBXBuildFile; fileRef = 5439F2312381521B0004CAF3 /* KYEmbedDrawerControllerSegue.swift */; };
		5439F24C2381521B0004CAF3 /* KYDrawerController.swift in Sources */ = {isa = PBXBuildFile; fileRef = 5439F2322381521B0004CAF3 /* KYDrawerController.swift */; };
		5439F24D2381521B0004CAF3 /* KYEmbedMainControllerSegue.swift in Sources */ = {isa = PBXBuildFile; fileRef = 5439F2332381521B0004CAF3 /* KYEmbedMainControllerSegue.swift */; };
		5439F24E2381521B0004CAF3 /* IQTextView.swift in Sources */ = {isa = PBXBuildFile; fileRef = 5439F2362381521B0004CAF3 /* IQTextView.swift */; };
		5439F24F2381521B0004CAF3 /* IQPreviousNextView.swift in Sources */ = {isa = PBXBuildFile; fileRef = 5439F2382381521B0004CAF3 /* IQPreviousNextView.swift */; };
		5439F2502381521B0004CAF3 /* IQTitleBarButtonItem.swift in Sources */ = {isa = PBXBuildFile; fileRef = 5439F2392381521B0004CAF3 /* IQTitleBarButtonItem.swift */; };
		5439F2512381521B0004CAF3 /* IQBarButtonItem.swift in Sources */ = {isa = PBXBuildFile; fileRef = 5439F23A2381521B0004CAF3 /* IQBarButtonItem.swift */; };
		5439F2522381521B0004CAF3 /* IQToolbar.swift in Sources */ = {isa = PBXBuildFile; fileRef = 5439F23B2381521B0004CAF3 /* IQToolbar.swift */; };
		5439F2532381521B0004CAF3 /* IQUIView+IQKeyboardToolbar.swift in Sources */ = {isa = PBXBuildFile; fileRef = 5439F23C2381521B0004CAF3 /* IQUIView+IQKeyboardToolbar.swift */; };
		5439F2542381521B0004CAF3 /* IQInvocation.swift in Sources */ = {isa = PBXBuildFile; fileRef = 5439F23D2381521B0004CAF3 /* IQInvocation.swift */; };
		5439F2552381521B0004CAF3 /* IQKeyboardManagerConstantsInternal.swift in Sources */ = {isa = PBXBuildFile; fileRef = 5439F23F2381521B0004CAF3 /* IQKeyboardManagerConstantsInternal.swift */; };
		5439F2562381521B0004CAF3 /* IQKeyboardManagerConstants.swift in Sources */ = {isa = PBXBuildFile; fileRef = 5439F2402381521B0004CAF3 /* IQKeyboardManagerConstants.swift */; };
		5439F2572381521B0004CAF3 /* IQKeyboardManager.bundle in Resources */ = {isa = PBXBuildFile; fileRef = 5439F2422381521B0004CAF3 /* IQKeyboardManager.bundle */; };
		5439F2582381521B0004CAF3 /* IQKeyboardReturnKeyHandler.swift in Sources */ = {isa = PBXBuildFile; fileRef = 5439F2432381521B0004CAF3 /* IQKeyboardReturnKeyHandler.swift */; };
		5439F2592381521B0004CAF3 /* IQKeyboardManager.swift in Sources */ = {isa = PBXBuildFile; fileRef = 5439F2442381521B0004CAF3 /* IQKeyboardManager.swift */; };
		5439F25A2381521B0004CAF3 /* IQUIScrollView+Additions.swift in Sources */ = {isa = PBXBuildFile; fileRef = 5439F2462381521B0004CAF3 /* IQUIScrollView+Additions.swift */; };
		5439F25B2381521B0004CAF3 /* IQUIViewController+Additions.swift in Sources */ = {isa = PBXBuildFile; fileRef = 5439F2472381521B0004CAF3 /* IQUIViewController+Additions.swift */; };
		5439F25C2381521B0004CAF3 /* IQUITextFieldView+Additions.swift in Sources */ = {isa = PBXBuildFile; fileRef = 5439F2482381521B0004CAF3 /* IQUITextFieldView+Additions.swift */; };
		5439F25D2381521B0004CAF3 /* IQUIView+Hierarchy.swift in Sources */ = {isa = PBXBuildFile; fileRef = 5439F2492381521B0004CAF3 /* IQUIView+Hierarchy.swift */; };
		5439F25E2381521B0004CAF3 /* IQNSArray+Sort.swift in Sources */ = {isa = PBXBuildFile; fileRef = 5439F24A2381521B0004CAF3 /* IQNSArray+Sort.swift */; };
		547873F1236D3D5100842A68 /* iTunesArtwork@3x in Resources */ = {isa = PBXBuildFile; fileRef = 547873EE236D3D5100842A68 /* iTunesArtwork@3x */; };
		547873F2236D3D5100842A68 /* iTunesArtwork in Resources */ = {isa = PBXBuildFile; fileRef = 547873EF236D3D5100842A68 /* iTunesArtwork */; };
		547873F3236D3D5100842A68 /* iTunesArtwork@2x in Resources */ = {isa = PBXBuildFile; fileRef = 547873F0236D3D5100842A68 /* iTunesArtwork@2x */; };
		5478741F236D3E7D00842A68 /* Models.swift in Sources */ = {isa = PBXBuildFile; fileRef = 54787415236D3E7D00842A68 /* Models.swift */; };
		54787427236D3F4E00842A68 /* LocalizationSystem.swift in Sources */ = {isa = PBXBuildFile; fileRef = 54787426236D3F4E00842A68 /* LocalizationSystem.swift */; };
		5478742E236D436900842A68 /* UIViewControllerExtension.swift in Sources */ = {isa = PBXBuildFile; fileRef = 54787429236D436900842A68 /* UIViewControllerExtension.swift */; };
		54787431236D436900842A68 /* StoryBoardExtensions.swift in Sources */ = {isa = PBXBuildFile; fileRef = 5478742C236D436900842A68 /* StoryBoardExtensions.swift */; };
		54787437236D487800842A68 /* HomeTabbarController.swift in Sources */ = {isa = PBXBuildFile; fileRef = 54787435236D487800842A68 /* HomeTabbarController.swift */; };
		5478743A236D4E2500842A68 /* Auth.storyboard in Resources */ = {isa = PBXBuildFile; fileRef = 5478743C236D4E2500842A68 /* Auth.storyboard */; };
		54787443236D4E9200842A68 /* Localizable.strings in Resources */ = {isa = PBXBuildFile; fileRef = 54787445236D4E9200842A68 /* Localizable.strings */; };
		5478745C236D53D100842A68 /* BeautyProductsVC.swift in Sources */ = {isa = PBXBuildFile; fileRef = 54787448236D53D000842A68 /* BeautyProductsVC.swift */; };
		54787462236D53D100842A68 /* HomeVC.swift in Sources */ = {isa = PBXBuildFile; fileRef = 5478744F236D53D100842A68 /* HomeVC.swift */; };
		5478746B236D53D100842A68 /* BrowseVC.swift in Sources */ = {isa = PBXBuildFile; fileRef = 5478745A236D53D100842A68 /* BrowseVC.swift */; };
		5478746E236D584900842A68 /* SettingsVC.swift in Sources */ = {isa = PBXBuildFile; fileRef = 5478746D236D584900842A68 /* SettingsVC.swift */; };
		54787475236D821700842A68 /* category.json in Resources */ = {isa = PBXBuildFile; fileRef = 54787474236D821700842A68 /* category.json */; };
		54787477236D97B700842A68 /* products.json in Resources */ = {isa = PBXBuildFile; fileRef = 54787476236D97B700842A68 /* products.json */; };
		547AD9D2236DF2D6002699FE /* ProductDetailsVC.swift in Sources */ = {isa = PBXBuildFile; fileRef = 547AD9D1236DF2D6002699FE /* ProductDetailsVC.swift */; };
		547AD9DA236E035C002699FE /* ProductCell.xib in Resources */ = {isa = PBXBuildFile; fileRef = 547AD9D4236E035C002699FE /* ProductCell.xib */; };
		547AD9DC236E035C002699FE /* ProductCell.swift in Sources */ = {isa = PBXBuildFile; fileRef = 547AD9D6236E035C002699FE /* ProductCell.swift */; };
		547AD9DD236E035C002699FE /* CatagoryCollectionCell.swift in Sources */ = {isa = PBXBuildFile; fileRef = 547AD9D7236E035C002699FE /* CatagoryCollectionCell.swift */; };
		547AD9DE236E035C002699FE /* StoreCell.swift in Sources */ = {isa = PBXBuildFile; fileRef = 547AD9D8236E035C002699FE /* StoreCell.swift */; };
		54FFB90C237ECA9B0031712E /* FilterVC.swift in Sources */ = {isa = PBXBuildFile; fileRef = 54FFB90B237ECA9B0031712E /* FilterVC.swift */; };
		89F6E16B42F13C34ABDADB2A /* Pods_Offarat.framework in Frameworks */ = {isa = PBXBuildFile; fileRef = FCA339518C9AFF591C2B6CE0 /* Pods_Offarat.framework */; };
		A16BA87F239D881200613638 /* RegisterVC.swift in Sources */ = {isa = PBXBuildFile; fileRef = A16BA87E239D881200613638 /* RegisterVC.swift */; };
		A16F7D17239C230100D9B0F7 /* APIManager.swift in Sources */ = {isa = PBXBuildFile; fileRef = A16F7D16239C230100D9B0F7 /* APIManager.swift */; };
		A16F7D1B239C252A00D9B0F7 /* MyApplication.swift in Sources */ = {isa = PBXBuildFile; fileRef = A16F7D1A239C252A00D9B0F7 /* MyApplication.swift */; };
		A19D014A239DDEFF00DA37FA /* CategoryListVC.swift in Sources */ = {isa = PBXBuildFile; fileRef = A19D0149239DDEFF00DA37FA /* CategoryListVC.swift */; };
/* End PBXBuildFile section */

/* Begin PBXFileReference section */
		0000E63C239CF469007BC775 /* AccordionViewController.swift */ = {isa = PBXFileReference; fileEncoding = 4; lastKnownFileType = sourcecode.swift; path = AccordionViewController.swift; sourceTree = "<group>"; };
		0000E63E239CF473007BC775 /* CountryTableViewCell.swift */ = {isa = PBXFileReference; fileEncoding = 4; lastKnownFileType = sourcecode.swift; path = CountryTableViewCell.swift; sourceTree = "<group>"; };
		0000E640239CF48A007BC775 /* Models1.swift */ = {isa = PBXFileReference; fileEncoding = 4; lastKnownFileType = sourcecode.swift; path = Models1.swift; sourceTree = "<group>"; };
		46669631A65F17F18002CB30 /* Pods-Offarat.debug.xcconfig */ = {isa = PBXFileReference; includeInIndex = 1; lastKnownFileType = text.xcconfig; name = "Pods-Offarat.debug.xcconfig"; path = "Target Support Files/Pods-Offarat/Pods-Offarat.debug.xcconfig"; sourceTree = "<group>"; };
		5425F3C5236CC1F500BD2AC8 /* Offarat.app */ = {isa = PBXFileReference; explicitFileType = wrapper.application; includeInIndex = 0; path = Offarat.app; sourceTree = BUILT_PRODUCTS_DIR; };
		5425F3C8236CC1F500BD2AC8 /* AppDelegate.swift */ = {isa = PBXFileReference; lastKnownFileType = sourcecode.swift; path = AppDelegate.swift; sourceTree = "<group>"; };
		5425F3CD236CC1F500BD2AC8 /* Base */ = {isa = PBXFileReference; lastKnownFileType = file.storyboard; name = Base; path = Base.lproj/Main.storyboard; sourceTree = "<group>"; };
		5425F3CF236CC1F800BD2AC8 /* Assets.xcassets */ = {isa = PBXFileReference; lastKnownFileType = folder.assetcatalog; path = Assets.xcassets; sourceTree = "<group>"; };
		5425F3D2236CC1F800BD2AC8 /* Base */ = {isa = PBXFileReference; lastKnownFileType = file.storyboard; name = Base; path = Base.lproj/LaunchScreen.storyboard; sourceTree = "<group>"; };
		5425F3D4236CC1F800BD2AC8 /* Info.plist */ = {isa = PBXFileReference; lastKnownFileType = text.plist.xml; path = Info.plist; sourceTree = "<group>"; };
		5425F3F9236CC2DD00BD2AC8 /* LoginVC.swift */ = {isa = PBXFileReference; lastKnownFileType = sourcecode.swift; path = LoginVC.swift; sourceTree = "<group>"; };
		5425F3FC236CC42D00BD2AC8 /* RoundView.swift */ = {isa = PBXFileReference; fileEncoding = 4; lastKnownFileType = sourcecode.swift; path = RoundView.swift; sourceTree = "<group>"; };
		5425F3FD236CC42D00BD2AC8 /* CustomTextFields.swift */ = {isa = PBXFileReference; fileEncoding = 4; lastKnownFileType = sourcecode.swift; path = CustomTextFields.swift; sourceTree = "<group>"; };
		5425F3FE236CC42D00BD2AC8 /* CustomButton.swift */ = {isa = PBXFileReference; fileEncoding = 4; lastKnownFileType = sourcecode.swift; path = CustomButton.swift; sourceTree = "<group>"; };
		5425F40B236CC6F800BD2AC8 /* Colors.swift */ = {isa = PBXFileReference; fileEncoding = 4; lastKnownFileType = sourcecode.swift; path = Colors.swift; sourceTree = "<group>"; };
		54352A9D237EB65F0066EB44 /* GalleryCell.swift */ = {isa = PBXFileReference; lastKnownFileType = sourcecode.swift; path = GalleryCell.swift; sourceTree = "<group>"; };
		54352AA3237ECA3C0066EB44 /* FilterCell.swift */ = {isa = PBXFileReference; fileEncoding = 4; lastKnownFileType = sourcecode.swift; path = FilterCell.swift; sourceTree = "<group>"; };
		54352AA4237ECA3C0066EB44 /* FavoriteVC.swift */ = {isa = PBXFileReference; fileEncoding = 4; lastKnownFileType = sourcecode.swift; path = FavoriteVC.swift; sourceTree = "<group>"; };
		5439F22223814E0B0004CAF3 /* MenuHeaderView.swift */ = {isa = PBXFileReference; fileEncoding = 4; lastKnownFileType = sourcecode.swift; path = MenuHeaderView.swift; sourceTree = "<group>"; };
		5439F22323814E0B0004CAF3 /* MenuHeaderView.xib */ = {isa = PBXFileReference; fileEncoding = 4; lastKnownFileType = file.xib; path = MenuHeaderView.xib; sourceTree = "<group>"; };
		5439F22423814E0B0004CAF3 /* MenuTableCell.swift */ = {isa = PBXFileReference; fileEncoding = 4; lastKnownFileType = sourcecode.swift; path = MenuTableCell.swift; sourceTree = "<group>"; };
		5439F22823814E3F0004CAF3 /* MenuVC.swift */ = {isa = PBXFileReference; fileEncoding = 4; lastKnownFileType = sourcecode.swift; path = MenuVC.swift; sourceTree = "<group>"; };
		5439F22A23814F5A0004CAF3 /* Presenter.swift */ = {isa = PBXFileReference; fileEncoding = 4; lastKnownFileType = sourcecode.swift; path = Presenter.swift; sourceTree = "<group>"; };
		5439F22C238151930004CAF3 /* DrawerVC.swift */ = {isa = PBXFileReference; fileEncoding = 4; lastKnownFileType = sourcecode.swift; path = DrawerVC.swift; sourceTree = "<group>"; };
		5439F2312381521B0004CAF3 /* KYEmbedDrawerControllerSegue.swift */ = {isa = PBXFileReference; fileEncoding = 4; lastKnownFileType = sourcecode.swift; path = KYEmbedDrawerControllerSegue.swift; sourceTree = "<group>"; };
		5439F2322381521B0004CAF3 /* KYDrawerController.swift */ = {isa = PBXFileReference; fileEncoding = 4; lastKnownFileType = sourcecode.swift; path = KYDrawerController.swift; sourceTree = "<group>"; };
		5439F2332381521B0004CAF3 /* KYEmbedMainControllerSegue.swift */ = {isa = PBXFileReference; fileEncoding = 4; lastKnownFileType = sourcecode.swift; path = KYEmbedMainControllerSegue.swift; sourceTree = "<group>"; };
		5439F2362381521B0004CAF3 /* IQTextView.swift */ = {isa = PBXFileReference; fileEncoding = 4; lastKnownFileType = sourcecode.swift; path = IQTextView.swift; sourceTree = "<group>"; };
		5439F2382381521B0004CAF3 /* IQPreviousNextView.swift */ = {isa = PBXFileReference; fileEncoding = 4; lastKnownFileType = sourcecode.swift; path = IQPreviousNextView.swift; sourceTree = "<group>"; };
		5439F2392381521B0004CAF3 /* IQTitleBarButtonItem.swift */ = {isa = PBXFileReference; fileEncoding = 4; lastKnownFileType = sourcecode.swift; path = IQTitleBarButtonItem.swift; sourceTree = "<group>"; };
		5439F23A2381521B0004CAF3 /* IQBarButtonItem.swift */ = {isa = PBXFileReference; fileEncoding = 4; lastKnownFileType = sourcecode.swift; path = IQBarButtonItem.swift; sourceTree = "<group>"; };
		5439F23B2381521B0004CAF3 /* IQToolbar.swift */ = {isa = PBXFileReference; fileEncoding = 4; lastKnownFileType = sourcecode.swift; path = IQToolbar.swift; sourceTree = "<group>"; };
		5439F23C2381521B0004CAF3 /* IQUIView+IQKeyboardToolbar.swift */ = {isa = PBXFileReference; fileEncoding = 4; lastKnownFileType = sourcecode.swift; path = "IQUIView+IQKeyboardToolbar.swift"; sourceTree = "<group>"; };
		5439F23D2381521B0004CAF3 /* IQInvocation.swift */ = {isa = PBXFileReference; fileEncoding = 4; lastKnownFileType = sourcecode.swift; path = IQInvocation.swift; sourceTree = "<group>"; };
		5439F23F2381521B0004CAF3 /* IQKeyboardManagerConstantsInternal.swift */ = {isa = PBXFileReference; fileEncoding = 4; lastKnownFileType = sourcecode.swift; path = IQKeyboardManagerConstantsInternal.swift; sourceTree = "<group>"; };
		5439F2402381521B0004CAF3 /* IQKeyboardManagerConstants.swift */ = {isa = PBXFileReference; fileEncoding = 4; lastKnownFileType = sourcecode.swift; path = IQKeyboardManagerConstants.swift; sourceTree = "<group>"; };
		5439F2422381521B0004CAF3 /* IQKeyboardManager.bundle */ = {isa = PBXFileReference; lastKnownFileType = "wrapper.plug-in"; path = IQKeyboardManager.bundle; sourceTree = "<group>"; };
		5439F2432381521B0004CAF3 /* IQKeyboardReturnKeyHandler.swift */ = {isa = PBXFileReference; fileEncoding = 4; lastKnownFileType = sourcecode.swift; path = IQKeyboardReturnKeyHandler.swift; sourceTree = "<group>"; };
		5439F2442381521B0004CAF3 /* IQKeyboardManager.swift */ = {isa = PBXFileReference; fileEncoding = 4; lastKnownFileType = sourcecode.swift; path = IQKeyboardManager.swift; sourceTree = "<group>"; };
		5439F2462381521B0004CAF3 /* IQUIScrollView+Additions.swift */ = {isa = PBXFileReference; fileEncoding = 4; lastKnownFileType = sourcecode.swift; path = "IQUIScrollView+Additions.swift"; sourceTree = "<group>"; };
		5439F2472381521B0004CAF3 /* IQUIViewController+Additions.swift */ = {isa = PBXFileReference; fileEncoding = 4; lastKnownFileType = sourcecode.swift; path = "IQUIViewController+Additions.swift"; sourceTree = "<group>"; };
		5439F2482381521B0004CAF3 /* IQUITextFieldView+Additions.swift */ = {isa = PBXFileReference; fileEncoding = 4; lastKnownFileType = sourcecode.swift; path = "IQUITextFieldView+Additions.swift"; sourceTree = "<group>"; };
		5439F2492381521B0004CAF3 /* IQUIView+Hierarchy.swift */ = {isa = PBXFileReference; fileEncoding = 4; lastKnownFileType = sourcecode.swift; path = "IQUIView+Hierarchy.swift"; sourceTree = "<group>"; };
		5439F24A2381521B0004CAF3 /* IQNSArray+Sort.swift */ = {isa = PBXFileReference; fileEncoding = 4; lastKnownFileType = sourcecode.swift; path = "IQNSArray+Sort.swift"; sourceTree = "<group>"; };
		547873EE236D3D5100842A68 /* iTunesArtwork@3x */ = {isa = PBXFileReference; lastKnownFileType = file; path = "iTunesArtwork@3x"; sourceTree = "<group>"; };
		547873EF236D3D5100842A68 /* iTunesArtwork */ = {isa = PBXFileReference; lastKnownFileType = file; path = iTunesArtwork; sourceTree = "<group>"; };
		547873F0236D3D5100842A68 /* iTunesArtwork@2x */ = {isa = PBXFileReference; lastKnownFileType = file; path = "iTunesArtwork@2x"; sourceTree = "<group>"; };
		54787415236D3E7D00842A68 /* Models.swift */ = {isa = PBXFileReference; fileEncoding = 4; lastKnownFileType = sourcecode.swift; path = Models.swift; sourceTree = "<group>"; };
		54787426236D3F4E00842A68 /* LocalizationSystem.swift */ = {isa = PBXFileReference; fileEncoding = 4; lastKnownFileType = sourcecode.swift; path = LocalizationSystem.swift; sourceTree = "<group>"; };
		54787429236D436900842A68 /* UIViewControllerExtension.swift */ = {isa = PBXFileReference; fileEncoding = 4; lastKnownFileType = sourcecode.swift; name = UIViewControllerExtension.swift; path = Extensions/UIViewControllerExtension.swift; sourceTree = "<group>"; };
		5478742C236D436900842A68 /* StoryBoardExtensions.swift */ = {isa = PBXFileReference; fileEncoding = 4; lastKnownFileType = sourcecode.swift; name = StoryBoardExtensions.swift; path = Extensions/StoryBoardExtensions.swift; sourceTree = "<group>"; };
		54787435236D487800842A68 /* HomeTabbarController.swift */ = {isa = PBXFileReference; fileEncoding = 4; lastKnownFileType = sourcecode.swift; path = HomeTabbarController.swift; sourceTree = "<group>"; };
		54787439236D4E0700842A68 /* ar */ = {isa = PBXFileReference; lastKnownFileType = text.plist.strings; name = ar; path = ar.lproj/LaunchScreen.strings; sourceTree = "<group>"; };
		5478743B236D4E2500842A68 /* Base */ = {isa = PBXFileReference; lastKnownFileType = file.storyboard; name = Base; path = Base.lproj/Auth.storyboard; sourceTree = "<group>"; };
		5478743E236D4E3800842A68 /* en */ = {isa = PBXFileReference; lastKnownFileType = text.plist.strings; name = en; path = en.lproj/Auth.strings; sourceTree = "<group>"; };
		54787440236D4E4500842A68 /* ar */ = {isa = PBXFileReference; lastKnownFileType = text.plist.strings; name = ar; path = ar.lproj/Auth.strings; sourceTree = "<group>"; };
		54787444236D4E9200842A68 /* en */ = {isa = PBXFileReference; lastKnownFileType = text.plist.strings; name = en; path = en.lproj/Localizable.strings; sourceTree = "<group>"; };
		54787446236D4E9400842A68 /* ar */ = {isa = PBXFileReference; lastKnownFileType = text.plist.strings; name = ar; path = ar.lproj/Localizable.strings; sourceTree = "<group>"; };
		54787448236D53D000842A68 /* BeautyProductsVC.swift */ = {isa = PBXFileReference; fileEncoding = 4; lastKnownFileType = sourcecode.swift; path = BeautyProductsVC.swift; sourceTree = "<group>"; };
		5478744F236D53D100842A68 /* HomeVC.swift */ = {isa = PBXFileReference; fileEncoding = 4; lastKnownFileType = sourcecode.swift; path = HomeVC.swift; sourceTree = "<group>"; };
		5478745A236D53D100842A68 /* BrowseVC.swift */ = {isa = PBXFileReference; fileEncoding = 4; lastKnownFileType = sourcecode.swift; path = BrowseVC.swift; sourceTree = "<group>"; };
		5478746D236D584900842A68 /* SettingsVC.swift */ = {isa = PBXFileReference; lastKnownFileType = sourcecode.swift; path = SettingsVC.swift; sourceTree = "<group>"; };
		54787470236D643400842A68 /* en */ = {isa = PBXFileReference; lastKnownFileType = text.plist.strings; name = en; path = en.lproj/Main.strings; sourceTree = "<group>"; };
		54787473236D645200842A68 /* ar */ = {isa = PBXFileReference; lastKnownFileType = text.plist.strings; name = ar; path = ar.lproj/Main.strings; sourceTree = "<group>"; };
		54787474236D821700842A68 /* category.json */ = {isa = PBXFileReference; fileEncoding = 4; lastKnownFileType = text.json; path = category.json; sourceTree = "<group>"; };
		54787476236D97B700842A68 /* products.json */ = {isa = PBXFileReference; fileEncoding = 4; lastKnownFileType = text.json; path = products.json; sourceTree = "<group>"; };
		547AD9D1236DF2D6002699FE /* ProductDetailsVC.swift */ = {isa = PBXFileReference; lastKnownFileType = sourcecode.swift; path = ProductDetailsVC.swift; sourceTree = "<group>"; };
		547AD9D4236E035C002699FE /* ProductCell.xib */ = {isa = PBXFileReference; fileEncoding = 4; lastKnownFileType = file.xib; path = ProductCell.xib; sourceTree = "<group>"; };
		547AD9D6236E035C002699FE /* ProductCell.swift */ = {isa = PBXFileReference; fileEncoding = 4; lastKnownFileType = sourcecode.swift; path = ProductCell.swift; sourceTree = "<group>"; };
		547AD9D7236E035C002699FE /* CatagoryCollectionCell.swift */ = {isa = PBXFileReference; fileEncoding = 4; lastKnownFileType = sourcecode.swift; path = CatagoryCollectionCell.swift; sourceTree = "<group>"; };
		547AD9D8236E035C002699FE /* StoreCell.swift */ = {isa = PBXFileReference; fileEncoding = 4; lastKnownFileType = sourcecode.swift; path = StoreCell.swift; sourceTree = "<group>"; };
		54FFB90B237ECA9B0031712E /* FilterVC.swift */ = {isa = PBXFileReference; fileEncoding = 4; lastKnownFileType = sourcecode.swift; path = FilterVC.swift; sourceTree = "<group>"; };
		6DCCB756C868EE9FAD498E33 /* Pods-Offarat.release.xcconfig */ = {isa = PBXFileReference; includeInIndex = 1; lastKnownFileType = text.xcconfig; name = "Pods-Offarat.release.xcconfig"; path = "Target Support Files/Pods-Offarat/Pods-Offarat.release.xcconfig"; sourceTree = "<group>"; };
		A16BA87E239D881200613638 /* RegisterVC.swift */ = {isa = PBXFileReference; lastKnownFileType = sourcecode.swift; path = RegisterVC.swift; sourceTree = "<group>"; };
		A16F7D16239C230100D9B0F7 /* APIManager.swift */ = {isa = PBXFileReference; lastKnownFileType = sourcecode.swift; path = APIManager.swift; sourceTree = "<group>"; };
		A16F7D1A239C252A00D9B0F7 /* MyApplication.swift */ = {isa = PBXFileReference; lastKnownFileType = sourcecode.swift; path = MyApplication.swift; sourceTree = "<group>"; };
		A19D0149239DDEFF00DA37FA /* CategoryListVC.swift */ = {isa = PBXFileReference; lastKnownFileType = sourcecode.swift; path = CategoryListVC.swift; sourceTree = "<group>"; };
		FCA339518C9AFF591C2B6CE0 /* Pods_Offarat.framework */ = {isa = PBXFileReference; explicitFileType = wrapper.framework; includeInIndex = 0; path = Pods_Offarat.framework; sourceTree = BUILT_PRODUCTS_DIR; };
/* End PBXFileReference section */

/* Begin PBXFrameworksBuildPhase section */
		5425F3C2236CC1F500BD2AC8 /* Frameworks */ = {
			isa = PBXFrameworksBuildPhase;
			buildActionMask = 2147483647;
			files = (
				89F6E16B42F13C34ABDADB2A /* Pods_Offarat.framework in Frameworks */,
			);
			runOnlyForDeploymentPostprocessing = 0;
		};
/* End PBXFrameworksBuildPhase section */

/* Begin PBXGroup section */
		5425F3BC236CC1F500BD2AC8 = {
			isa = PBXGroup;
			children = (
				0000E63C239CF469007BC775 /* AccordionViewController.swift */,
				0000E63E239CF473007BC775 /* CountryTableViewCell.swift */,
				0000E640239CF48A007BC775 /* Models1.swift */,
				5425F3C7236CC1F500BD2AC8 /* Offarat */,
				5425F3C6236CC1F500BD2AC8 /* Products */,
				F5432FC598B1F300258D45F4 /* Pods */,
				999073249D079B7C10C73826 /* Frameworks */,
			);
			sourceTree = "<group>";
		};
		5425F3C6236CC1F500BD2AC8 /* Products */ = {
			isa = PBXGroup;
			children = (
				5425F3C5236CC1F500BD2AC8 /* Offarat.app */,
			);
			name = Products;
			sourceTree = "<group>";
		};
		5425F3C7236CC1F500BD2AC8 /* Offarat */ = {
			isa = PBXGroup;
			children = (
				5439F22F2381521B0004CAF3 /* Libraries */,
				547AD9D3236E0308002699FE /* Cells */,
				54787433236D483300842A68 /* MainViewControllers */,
				54787425236D3F4E00842A68 /* Localize */,
				54787410236D3E7D00842A68 /* Managers */,
				547873ED236D3D2800842A68 /* Resources */,
				5425F40A236CC6D200BD2AC8 /* Utilities */,
				5425F3F6236CC2B500BD2AC8 /* Auth */,
				5425F3C8236CC1F500BD2AC8 /* AppDelegate.swift */,
				5425F3CC236CC1F500BD2AC8 /* Main.storyboard */,
				5425F3CF236CC1F800BD2AC8 /* Assets.xcassets */,
				5425F3D1236CC1F800BD2AC8 /* LaunchScreen.storyboard */,
				5425F3D4236CC1F800BD2AC8 /* Info.plist */,
			);
			path = Offarat;
			sourceTree = "<group>";
		};
		5425F3F6236CC2B500BD2AC8 /* Auth */ = {
			isa = PBXGroup;
			children = (
				5478743C236D4E2500842A68 /* Auth.storyboard */,
				5425F3F9236CC2DD00BD2AC8 /* LoginVC.swift */,
				A16BA87E239D881200613638 /* RegisterVC.swift */,
			);
			path = Auth;
			sourceTree = "<group>";
		};
		5425F3FB236CC42D00BD2AC8 /* CustomControls */ = {
			isa = PBXGroup;
			children = (
				5425F3FC236CC42D00BD2AC8 /* RoundView.swift */,
				5425F3FD236CC42D00BD2AC8 /* CustomTextFields.swift */,
				5425F3FE236CC42D00BD2AC8 /* CustomButton.swift */,
			);
			path = CustomControls;
			sourceTree = "<group>";
		};
		5425F40A236CC6D200BD2AC8 /* Utilities */ = {
			isa = PBXGroup;
			children = (
				54787429236D436900842A68 /* UIViewControllerExtension.swift */,
				5478742C236D436900842A68 /* StoryBoardExtensions.swift */,
				5425F40B236CC6F800BD2AC8 /* Colors.swift */,
				A16F7D16239C230100D9B0F7 /* APIManager.swift */,
				A16F7D1A239C252A00D9B0F7 /* MyApplication.swift */,
			);
			path = Utilities;
			sourceTree = "<group>";
		};
		5439F22F2381521B0004CAF3 /* Libraries */ = {
			isa = PBXGroup;
			children = (
				5439F2302381521B0004CAF3 /* KYDrawerController */,
				5439F2342381521B0004CAF3 /* IQKeyboardManagerSwift */,
			);
			path = Libraries;
			sourceTree = "<group>";
		};
		5439F2302381521B0004CAF3 /* KYDrawerController */ = {
			isa = PBXGroup;
			children = (
				5439F2312381521B0004CAF3 /* KYEmbedDrawerControllerSegue.swift */,
				5439F2322381521B0004CAF3 /* KYDrawerController.swift */,
				5439F2332381521B0004CAF3 /* KYEmbedMainControllerSegue.swift */,
			);
			path = KYDrawerController;
			sourceTree = "<group>";
		};
		5439F2342381521B0004CAF3 /* IQKeyboardManagerSwift */ = {
			isa = PBXGroup;
			children = (
				5439F2352381521B0004CAF3 /* IQTextView */,
				5439F2372381521B0004CAF3 /* IQToolbar */,
				5439F23E2381521B0004CAF3 /* Constants */,
				5439F2412381521B0004CAF3 /* Resources */,
				5439F2432381521B0004CAF3 /* IQKeyboardReturnKeyHandler.swift */,
				5439F2442381521B0004CAF3 /* IQKeyboardManager.swift */,
				5439F2452381521B0004CAF3 /* Categories */,
			);
			path = IQKeyboardManagerSwift;
			sourceTree = "<group>";
		};
		5439F2352381521B0004CAF3 /* IQTextView */ = {
			isa = PBXGroup;
			children = (
				5439F2362381521B0004CAF3 /* IQTextView.swift */,
			);
			path = IQTextView;
			sourceTree = "<group>";
		};
		5439F2372381521B0004CAF3 /* IQToolbar */ = {
			isa = PBXGroup;
			children = (
				5439F2382381521B0004CAF3 /* IQPreviousNextView.swift */,
				5439F2392381521B0004CAF3 /* IQTitleBarButtonItem.swift */,
				5439F23A2381521B0004CAF3 /* IQBarButtonItem.swift */,
				5439F23B2381521B0004CAF3 /* IQToolbar.swift */,
				5439F23C2381521B0004CAF3 /* IQUIView+IQKeyboardToolbar.swift */,
				5439F23D2381521B0004CAF3 /* IQInvocation.swift */,
			);
			path = IQToolbar;
			sourceTree = "<group>";
		};
		5439F23E2381521B0004CAF3 /* Constants */ = {
			isa = PBXGroup;
			children = (
				5439F23F2381521B0004CAF3 /* IQKeyboardManagerConstantsInternal.swift */,
				5439F2402381521B0004CAF3 /* IQKeyboardManagerConstants.swift */,
			);
			path = Constants;
			sourceTree = "<group>";
		};
		5439F2412381521B0004CAF3 /* Resources */ = {
			isa = PBXGroup;
			children = (
				5439F2422381521B0004CAF3 /* IQKeyboardManager.bundle */,
			);
			path = Resources;
			sourceTree = "<group>";
		};
		5439F2452381521B0004CAF3 /* Categories */ = {
			isa = PBXGroup;
			children = (
				5439F2462381521B0004CAF3 /* IQUIScrollView+Additions.swift */,
				5439F2472381521B0004CAF3 /* IQUIViewController+Additions.swift */,
				5439F2482381521B0004CAF3 /* IQUITextFieldView+Additions.swift */,
				5439F2492381521B0004CAF3 /* IQUIView+Hierarchy.swift */,
				5439F24A2381521B0004CAF3 /* IQNSArray+Sort.swift */,
			);
			path = Categories;
			sourceTree = "<group>";
		};
		547873ED236D3D2800842A68 /* Resources */ = {
			isa = PBXGroup;
			children = (
				54787476236D97B700842A68 /* products.json */,
				54787474236D821700842A68 /* category.json */,
				547873EF236D3D5100842A68 /* iTunesArtwork */,
				547873F0236D3D5100842A68 /* iTunesArtwork@2x */,
				547873EE236D3D5100842A68 /* iTunesArtwork@3x */,
			);
			path = Resources;
			sourceTree = "<group>";
		};
		54787410236D3E7D00842A68 /* Managers */ = {
			isa = PBXGroup;
			children = (
				5439F22A23814F5A0004CAF3 /* Presenter.swift */,
				54787415236D3E7D00842A68 /* Models.swift */,
			);
			path = Managers;
			sourceTree = "<group>";
		};
		54787425236D3F4E00842A68 /* Localize */ = {
			isa = PBXGroup;
			children = (
				54787426236D3F4E00842A68 /* LocalizationSystem.swift */,
				54787445236D4E9200842A68 /* Localizable.strings */,
			);
			path = Localize;
			sourceTree = "<group>";
		};
		54787433236D483300842A68 /* MainViewControllers */ = {
			isa = PBXGroup;
			children = (
				5439F22C238151930004CAF3 /* DrawerVC.swift */,
				5439F22823814E3F0004CAF3 /* MenuVC.swift */,
				5439F22223814E0B0004CAF3 /* MenuHeaderView.swift */,
				5439F22323814E0B0004CAF3 /* MenuHeaderView.xib */,
				5439F22423814E0B0004CAF3 /* MenuTableCell.swift */,
				54352AA4237ECA3C0066EB44 /* FavoriteVC.swift */,
				54352AA3237ECA3C0066EB44 /* FilterCell.swift */,
				54FFB90B237ECA9B0031712E /* FilterVC.swift */,
				547AD9D8236E035C002699FE /* StoreCell.swift */,
				547AD9D7236E035C002699FE /* CatagoryCollectionCell.swift */,
				547AD9D1236DF2D6002699FE /* ProductDetailsVC.swift */,
				54787448236D53D000842A68 /* BeautyProductsVC.swift */,
				5478745A236D53D100842A68 /* BrowseVC.swift */,
				5478744F236D53D100842A68 /* HomeVC.swift */,
				54787435236D487800842A68 /* HomeTabbarController.swift */,
				5478746D236D584900842A68 /* SettingsVC.swift */,
				54352A9D237EB65F0066EB44 /* GalleryCell.swift */,
				A19D0149239DDEFF00DA37FA /* CategoryListVC.swift */,
			);
			path = MainViewControllers;
			sourceTree = "<group>";
		};
		547AD9D3236E0308002699FE /* Cells */ = {
			isa = PBXGroup;
			children = (
				5425F3FB236CC42D00BD2AC8 /* CustomControls */,
				547AD9D6236E035C002699FE /* ProductCell.swift */,
				547AD9D4236E035C002699FE /* ProductCell.xib */,
			);
			path = Cells;
			sourceTree = "<group>";
		};
		999073249D079B7C10C73826 /* Frameworks */ = {
			isa = PBXGroup;
			children = (
				FCA339518C9AFF591C2B6CE0 /* Pods_Offarat.framework */,
			);
			name = Frameworks;
			sourceTree = "<group>";
		};
		F5432FC598B1F300258D45F4 /* Pods */ = {
			isa = PBXGroup;
			children = (
				46669631A65F17F18002CB30 /* Pods-Offarat.debug.xcconfig */,
				6DCCB756C868EE9FAD498E33 /* Pods-Offarat.release.xcconfig */,
			);
			path = Pods;
			sourceTree = "<group>";
		};
/* End PBXGroup section */

/* Begin PBXNativeTarget section */
		5425F3C4236CC1F500BD2AC8 /* Offarat */ = {
			isa = PBXNativeTarget;
			buildConfigurationList = 5425F3ED236CC1F800BD2AC8 /* Build configuration list for PBXNativeTarget "Offarat" */;
			buildPhases = (
				1762E9AEA333617ECC2FFD70 /* [CP] Check Pods Manifest.lock */,
				5425F3C1236CC1F500BD2AC8 /* Sources */,
				5425F3C2236CC1F500BD2AC8 /* Frameworks */,
				5425F3C3236CC1F500BD2AC8 /* Resources */,
				EBAE1FE75FDA145CBA4C20DB /* [CP] Embed Pods Frameworks */,
			);
			buildRules = (
			);
			dependencies = (
			);
			name = Offarat;
			productName = Offarat;
			productReference = 5425F3C5236CC1F500BD2AC8 /* Offarat.app */;
			productType = "com.apple.product-type.application";
		};
/* End PBXNativeTarget section */

/* Begin PBXProject section */
		5425F3BD236CC1F500BD2AC8 /* Project object */ = {
			isa = PBXProject;
			attributes = {
				LastSwiftUpdateCheck = 1020;
				LastUpgradeCheck = 1020;
				ORGANIZATIONNAME = DL;
				TargetAttributes = {
					5425F3C4236CC1F500BD2AC8 = {
						CreatedOnToolsVersion = 10.2.1;
					};
				};
			};
			buildConfigurationList = 5425F3C0236CC1F500BD2AC8 /* Build configuration list for PBXProject "Offarat" */;
			compatibilityVersion = "Xcode 9.3";
			developmentRegion = en;
			hasScannedForEncodings = 0;
			knownRegions = (
				en,
				Base,
				ar,
			);
			mainGroup = 5425F3BC236CC1F500BD2AC8;
			productRefGroup = 5425F3C6236CC1F500BD2AC8 /* Products */;
			projectDirPath = "";
			projectRoot = "";
			targets = (
				5425F3C4236CC1F500BD2AC8 /* Offarat */,
			);
		};
/* End PBXProject section */

/* Begin PBXResourcesBuildPhase section */
		5425F3C3236CC1F500BD2AC8 /* Resources */ = {
			isa = PBXResourcesBuildPhase;
			buildActionMask = 2147483647;
			files = (
				54787443236D4E9200842A68 /* Localizable.strings in Resources */,
				5478743A236D4E2500842A68 /* Auth.storyboard in Resources */,
				547873F1236D3D5100842A68 /* iTunesArtwork@3x in Resources */,
				54787477236D97B700842A68 /* products.json in Resources */,
				547873F3236D3D5100842A68 /* iTunesArtwork@2x in Resources */,
				5425F3D3236CC1F800BD2AC8 /* LaunchScreen.storyboard in Resources */,
				54787475236D821700842A68 /* category.json in Resources */,
				547AD9DA236E035C002699FE /* ProductCell.xib in Resources */,
				5425F3D0236CC1F800BD2AC8 /* Assets.xcassets in Resources */,
				5439F2572381521B0004CAF3 /* IQKeyboardManager.bundle in Resources */,
				5439F22623814E0B0004CAF3 /* MenuHeaderView.xib in Resources */,
				547873F2236D3D5100842A68 /* iTunesArtwork in Resources */,
				5425F3CE236CC1F500BD2AC8 /* Main.storyboard in Resources */,
			);
			runOnlyForDeploymentPostprocessing = 0;
		};
/* End PBXResourcesBuildPhase section */

/* Begin PBXShellScriptBuildPhase section */
		1762E9AEA333617ECC2FFD70 /* [CP] Check Pods Manifest.lock */ = {
			isa = PBXShellScriptBuildPhase;
			buildActionMask = 2147483647;
			files = (
			);
			inputFileListPaths = (
			);
			inputPaths = (
				"${PODS_PODFILE_DIR_PATH}/Podfile.lock",
				"${PODS_ROOT}/Manifest.lock",
			);
			name = "[CP] Check Pods Manifest.lock";
			outputFileListPaths = (
			);
			outputPaths = (
				"$(DERIVED_FILE_DIR)/Pods-Offarat-checkManifestLockResult.txt",
			);
			runOnlyForDeploymentPostprocessing = 0;
			shellPath = /bin/sh;
			shellScript = "diff \"${PODS_PODFILE_DIR_PATH}/Podfile.lock\" \"${PODS_ROOT}/Manifest.lock\" > /dev/null\nif [ $? != 0 ] ; then\n    # print error to STDERR\n    echo \"error: The sandbox is not in sync with the Podfile.lock. Run 'pod install' or update your CocoaPods installation.\" >&2\n    exit 1\nfi\n# This output is used by Xcode 'outputs' to avoid re-running this script phase.\necho \"SUCCESS\" > \"${SCRIPT_OUTPUT_FILE_0}\"\n";
			showEnvVarsInLog = 0;
		};
		EBAE1FE75FDA145CBA4C20DB /* [CP] Embed Pods Frameworks */ = {
			isa = PBXShellScriptBuildPhase;
			buildActionMask = 2147483647;
			files = (
			);
			inputFileListPaths = (
				"${PODS_ROOT}/Target Support Files/Pods-Offarat/Pods-Offarat-frameworks-${CONFIGURATION}-input-files.xcfilelist",
			);
			name = "[CP] Embed Pods Frameworks";
			outputFileListPaths = (
				"${PODS_ROOT}/Target Support Files/Pods-Offarat/Pods-Offarat-frameworks-${CONFIGURATION}-output-files.xcfilelist",
			);
			runOnlyForDeploymentPostprocessing = 0;
			shellPath = /bin/sh;
			shellScript = "\"${PODS_ROOT}/Target Support Files/Pods-Offarat/Pods-Offarat-frameworks.sh\"\n";
			showEnvVarsInLog = 0;
		};
/* End PBXShellScriptBuildPhase section */

/* Begin PBXSourcesBuildPhase section */
		5425F3C1236CC1F500BD2AC8 /* Sources */ = {
			isa = PBXSourcesBuildPhase;
			buildActionMask = 2147483647;
			files = (
				547AD9DD236E035C002699FE /* CatagoryCollectionCell.swift in Sources */,
				54352AA6237ECA3C0066EB44 /* FavoriteVC.swift in Sources */,
				5478741F236D3E7D00842A68 /* Models.swift in Sources */,
				54FFB90C237ECA9B0031712E /* FilterVC.swift in Sources */,
				5439F22B23814F5A0004CAF3 /* Presenter.swift in Sources */,
				5439F25B2381521B0004CAF3 /* IQUIViewController+Additions.swift in Sources */,
				0000E63F239CF473007BC775 /* CountryTableViewCell.swift in Sources */,
				5439F24B2381521B0004CAF3 /* KYEmbedDrawerControllerSegue.swift in Sources */,
				A19D014A239DDEFF00DA37FA /* CategoryListVC.swift in Sources */,
				54352A9E237EB65F0066EB44 /* GalleryCell.swift in Sources */,
				5425F40C236CC6F900BD2AC8 /* Colors.swift in Sources */,
				5439F2542381521B0004CAF3 /* IQInvocation.swift in Sources */,
				5439F2552381521B0004CAF3 /* IQKeyboardManagerConstantsInternal.swift in Sources */,
				5439F2512381521B0004CAF3 /* IQBarButtonItem.swift in Sources */,
				5439F2562381521B0004CAF3 /* IQKeyboardManagerConstants.swift in Sources */,
				54352AA5237ECA3C0066EB44 /* FilterCell.swift in Sources */,
				A16BA87F239D881200613638 /* RegisterVC.swift in Sources */,
				5478746B236D53D100842A68 /* BrowseVC.swift in Sources */,
				5439F22523814E0B0004CAF3 /* MenuHeaderView.swift in Sources */,
				5478746E236D584900842A68 /* SettingsVC.swift in Sources */,
				547AD9DE236E035C002699FE /* StoreCell.swift in Sources */,
				5439F24C2381521B0004CAF3 /* KYDrawerController.swift in Sources */,
				5439F24F2381521B0004CAF3 /* IQPreviousNextView.swift in Sources */,
				5439F22723814E0B0004CAF3 /* MenuTableCell.swift in Sources */,
				5425F405236CC42D00BD2AC8 /* CustomButton.swift in Sources */,
				54787462236D53D100842A68 /* HomeVC.swift in Sources */,
				54787427236D3F4E00842A68 /* LocalizationSystem.swift in Sources */,
				54787431236D436900842A68 /* StoryBoardExtensions.swift in Sources */,
				5439F22D238151930004CAF3 /* DrawerVC.swift in Sources */,
				0000E641239CF48A007BC775 /* Models1.swift in Sources */,
				5439F2582381521B0004CAF3 /* IQKeyboardReturnKeyHandler.swift in Sources */,
				5439F25D2381521B0004CAF3 /* IQUIView+Hierarchy.swift in Sources */,
				5439F2522381521B0004CAF3 /* IQToolbar.swift in Sources */,
				54787437236D487800842A68 /* HomeTabbarController.swift in Sources */,
				5439F2502381521B0004CAF3 /* IQTitleBarButtonItem.swift in Sources */,
				5439F25A2381521B0004CAF3 /* IQUIScrollView+Additions.swift in Sources */,
				5439F2532381521B0004CAF3 /* IQUIView+IQKeyboardToolbar.swift in Sources */,
				5439F24D2381521B0004CAF3 /* KYEmbedMainControllerSegue.swift in Sources */,
				5425F404236CC42D00BD2AC8 /* CustomTextFields.swift in Sources */,
				5425F403236CC42D00BD2AC8 /* RoundView.swift in Sources */,
				547AD9DC236E035C002699FE /* ProductCell.swift in Sources */,
				0000E63D239CF469007BC775 /* AccordionViewController.swift in Sources */,
				5439F25E2381521B0004CAF3 /* IQNSArray+Sort.swift in Sources */,
				A16F7D1B239C252A00D9B0F7 /* MyApplication.swift in Sources */,
				547AD9D2236DF2D6002699FE /* ProductDetailsVC.swift in Sources */,
				5425F3C9236CC1F500BD2AC8 /* AppDelegate.swift in Sources */,
				5439F24E2381521B0004CAF3 /* IQTextView.swift in Sources */,
				A16F7D17239C230100D9B0F7 /* APIManager.swift in Sources */,
				5439F2592381521B0004CAF3 /* IQKeyboardManager.swift in Sources */,
				5478742E236D436900842A68 /* UIViewControllerExtension.swift in Sources */,
				5439F22923814E3F0004CAF3 /* MenuVC.swift in Sources */,
				5478745C236D53D100842A68 /* BeautyProductsVC.swift in Sources */,
				5439F25C2381521B0004CAF3 /* IQUITextFieldView+Additions.swift in Sources */,
				5425F3FA236CC2DD00BD2AC8 /* LoginVC.swift in Sources */,
			);
			runOnlyForDeploymentPostprocessing = 0;
		};
/* End PBXSourcesBuildPhase section */

/* Begin PBXVariantGroup section */
		5425F3CC236CC1F500BD2AC8 /* Main.storyboard */ = {
			isa = PBXVariantGroup;
			children = (
				5425F3CD236CC1F500BD2AC8 /* Base */,
				54787470236D643400842A68 /* en */,
				54787473236D645200842A68 /* ar */,
			);
			name = Main.storyboard;
			sourceTree = "<group>";
		};
		5425F3D1236CC1F800BD2AC8 /* LaunchScreen.storyboard */ = {
			isa = PBXVariantGroup;
			children = (
				5425F3D2236CC1F800BD2AC8 /* Base */,
				54787439236D4E0700842A68 /* ar */,
			);
			name = LaunchScreen.storyboard;
			sourceTree = "<group>";
		};
		5478743C236D4E2500842A68 /* Auth.storyboard */ = {
			isa = PBXVariantGroup;
			children = (
				5478743B236D4E2500842A68 /* Base */,
				5478743E236D4E3800842A68 /* en */,
				54787440236D4E4500842A68 /* ar */,
			);
			name = Auth.storyboard;
			sourceTree = "<group>";
		};
		54787445236D4E9200842A68 /* Localizable.strings */ = {
			isa = PBXVariantGroup;
			children = (
				54787444236D4E9200842A68 /* en */,
				54787446236D4E9400842A68 /* ar */,
			);
			name = Localizable.strings;
			sourceTree = "<group>";
		};
/* End PBXVariantGroup section */

/* Begin XCBuildConfiguration section */
		5425F3EB236CC1F800BD2AC8 /* Debug */ = {
			isa = XCBuildConfiguration;
			buildSettings = {
				ALWAYS_SEARCH_USER_PATHS = NO;
				CLANG_ANALYZER_LOCALIZABILITY_NONLOCALIZED = YES;
				CLANG_ANALYZER_NONNULL = YES;
				CLANG_ANALYZER_NUMBER_OBJECT_CONVERSION = YES_AGGRESSIVE;
				CLANG_CXX_LANGUAGE_STANDARD = "gnu++14";
				CLANG_CXX_LIBRARY = "libc++";
				CLANG_ENABLE_MODULES = YES;
				CLANG_ENABLE_OBJC_ARC = YES;
				CLANG_ENABLE_OBJC_WEAK = YES;
				CLANG_WARN_BLOCK_CAPTURE_AUTORELEASING = YES;
				CLANG_WARN_BOOL_CONVERSION = YES;
				CLANG_WARN_COMMA = YES;
				CLANG_WARN_CONSTANT_CONVERSION = YES;
				CLANG_WARN_DEPRECATED_OBJC_IMPLEMENTATIONS = YES;
				CLANG_WARN_DIRECT_OBJC_ISA_USAGE = YES_ERROR;
				CLANG_WARN_DOCUMENTATION_COMMENTS = YES;
				CLANG_WARN_EMPTY_BODY = YES;
				CLANG_WARN_ENUM_CONVERSION = YES;
				CLANG_WARN_INFINITE_RECURSION = YES;
				CLANG_WARN_INT_CONVERSION = YES;
				CLANG_WARN_NON_LITERAL_NULL_CONVERSION = YES;
				CLANG_WARN_OBJC_IMPLICIT_RETAIN_SELF = YES;
				CLANG_WARN_OBJC_LITERAL_CONVERSION = YES;
				CLANG_WARN_OBJC_ROOT_CLASS = YES_ERROR;
				CLANG_WARN_RANGE_LOOP_ANALYSIS = YES;
				CLANG_WARN_STRICT_PROTOTYPES = YES;
				CLANG_WARN_SUSPICIOUS_MOVE = YES;
				CLANG_WARN_UNGUARDED_AVAILABILITY = YES_AGGRESSIVE;
				CLANG_WARN_UNREACHABLE_CODE = YES;
				CLANG_WARN__DUPLICATE_METHOD_MATCH = YES;
				CODE_SIGN_IDENTITY = "iPhone Developer";
				COPY_PHASE_STRIP = NO;
				DEBUG_INFORMATION_FORMAT = dwarf;
				ENABLE_STRICT_OBJC_MSGSEND = YES;
				ENABLE_TESTABILITY = YES;
				GCC_C_LANGUAGE_STANDARD = gnu11;
				GCC_DYNAMIC_NO_PIC = NO;
				GCC_NO_COMMON_BLOCKS = YES;
				GCC_OPTIMIZATION_LEVEL = 0;
				GCC_PREPROCESSOR_DEFINITIONS = (
					"DEBUG=1",
					"$(inherited)",
				);
				GCC_WARN_64_TO_32_BIT_CONVERSION = YES;
				GCC_WARN_ABOUT_RETURN_TYPE = YES_ERROR;
				GCC_WARN_UNDECLARED_SELECTOR = YES;
				GCC_WARN_UNINITIALIZED_AUTOS = YES_AGGRESSIVE;
				GCC_WARN_UNUSED_FUNCTION = YES;
				GCC_WARN_UNUSED_VARIABLE = YES;
				IPHONEOS_DEPLOYMENT_TARGET = 10.0;
				MTL_ENABLE_DEBUG_INFO = INCLUDE_SOURCE;
				MTL_FAST_MATH = YES;
				ONLY_ACTIVE_ARCH = YES;
				SDKROOT = iphoneos;
				SWIFT_ACTIVE_COMPILATION_CONDITIONS = DEBUG;
				SWIFT_OPTIMIZATION_LEVEL = "-Onone";
			};
			name = Debug;
		};
		5425F3EC236CC1F800BD2AC8 /* Release */ = {
			isa = XCBuildConfiguration;
			buildSettings = {
				ALWAYS_SEARCH_USER_PATHS = NO;
				CLANG_ANALYZER_LOCALIZABILITY_NONLOCALIZED = YES;
				CLANG_ANALYZER_NONNULL = YES;
				CLANG_ANALYZER_NUMBER_OBJECT_CONVERSION = YES_AGGRESSIVE;
				CLANG_CXX_LANGUAGE_STANDARD = "gnu++14";
				CLANG_CXX_LIBRARY = "libc++";
				CLANG_ENABLE_MODULES = YES;
				CLANG_ENABLE_OBJC_ARC = YES;
				CLANG_ENABLE_OBJC_WEAK = YES;
				CLANG_WARN_BLOCK_CAPTURE_AUTORELEASING = YES;
				CLANG_WARN_BOOL_CONVERSION = YES;
				CLANG_WARN_COMMA = YES;
				CLANG_WARN_CONSTANT_CONVERSION = YES;
				CLANG_WARN_DEPRECATED_OBJC_IMPLEMENTATIONS = YES;
				CLANG_WARN_DIRECT_OBJC_ISA_USAGE = YES_ERROR;
				CLANG_WARN_DOCUMENTATION_COMMENTS = YES;
				CLANG_WARN_EMPTY_BODY = YES;
				CLANG_WARN_ENUM_CONVERSION = YES;
				CLANG_WARN_INFINITE_RECURSION = YES;
				CLANG_WARN_INT_CONVERSION = YES;
				CLANG_WARN_NON_LITERAL_NULL_CONVERSION = YES;
				CLANG_WARN_OBJC_IMPLICIT_RETAIN_SELF = YES;
				CLANG_WARN_OBJC_LITERAL_CONVERSION = YES;
				CLANG_WARN_OBJC_ROOT_CLASS = YES_ERROR;
				CLANG_WARN_RANGE_LOOP_ANALYSIS = YES;
				CLANG_WARN_STRICT_PROTOTYPES = YES;
				CLANG_WARN_SUSPICIOUS_MOVE = YES;
				CLANG_WARN_UNGUARDED_AVAILABILITY = YES_AGGRESSIVE;
				CLANG_WARN_UNREACHABLE_CODE = YES;
				CLANG_WARN__DUPLICATE_METHOD_MATCH = YES;
				CODE_SIGN_IDENTITY = "iPhone Developer";
				COPY_PHASE_STRIP = NO;
				DEBUG_INFORMATION_FORMAT = "dwarf-with-dsym";
				ENABLE_NS_ASSERTIONS = NO;
				ENABLE_STRICT_OBJC_MSGSEND = YES;
				GCC_C_LANGUAGE_STANDARD = gnu11;
				GCC_NO_COMMON_BLOCKS = YES;
				GCC_WARN_64_TO_32_BIT_CONVERSION = YES;
				GCC_WARN_ABOUT_RETURN_TYPE = YES_ERROR;
				GCC_WARN_UNDECLARED_SELECTOR = YES;
				GCC_WARN_UNINITIALIZED_AUTOS = YES_AGGRESSIVE;
				GCC_WARN_UNUSED_FUNCTION = YES;
				GCC_WARN_UNUSED_VARIABLE = YES;
				IPHONEOS_DEPLOYMENT_TARGET = 10.0;
				MTL_ENABLE_DEBUG_INFO = NO;
				MTL_FAST_MATH = YES;
				SDKROOT = iphoneos;
				SWIFT_COMPILATION_MODE = wholemodule;
				SWIFT_OPTIMIZATION_LEVEL = "-O";
				VALIDATE_PRODUCT = YES;
			};
			name = Release;
		};
		5425F3EE236CC1F800BD2AC8 /* Debug */ = {
			isa = XCBuildConfiguration;
			baseConfigurationReference = 46669631A65F17F18002CB30 /* Pods-Offarat.debug.xcconfig */;
			buildSettings = {
				ALWAYS_EMBED_SWIFT_STANDARD_LIBRARIES = NO;
				ASSETCATALOG_COMPILER_APPICON_NAME = AppIcon;
				CODE_SIGN_STYLE = Automatic;
				DEVELOPMENT_TEAM = J54C63A74D;
				INFOPLIST_FILE = Offarat/Info.plist;
				IPHONEOS_DEPLOYMENT_TARGET = 10.0;
				LD_RUNPATH_SEARCH_PATHS = (
					"$(inherited)",
					"@executable_path/Frameworks",
				);
				PRODUCT_BUNDLE_IDENTIFIER = com.Offarat;
				PRODUCT_NAME = Offarat;
				SWIFT_VERSION = 5.0;
				TARGETED_DEVICE_FAMILY = 1;
			};
			name = Debug;
		};
		5425F3EF236CC1F800BD2AC8 /* Release */ = {
			isa = XCBuildConfiguration;
			baseConfigurationReference = 6DCCB756C868EE9FAD498E33 /* Pods-Offarat.release.xcconfig */;
			buildSettings = {
				ALWAYS_EMBED_SWIFT_STANDARD_LIBRARIES = NO;
				ASSETCATALOG_COMPILER_APPICON_NAME = AppIcon;
				CODE_SIGN_STYLE = Automatic;
				DEVELOPMENT_TEAM = J54C63A74D;
				INFOPLIST_FILE = Offarat/Info.plist;
				IPHONEOS_DEPLOYMENT_TARGET = 10.0;
				LD_RUNPATH_SEARCH_PATHS = (
					"$(inherited)",
					"@executable_path/Frameworks",
				);
				PRODUCT_BUNDLE_IDENTIFIER = com.Offarat;
				PRODUCT_NAME = Offarat;
				SWIFT_VERSION = 5.0;
				TARGETED_DEVICE_FAMILY = 1;
			};
			name = Release;
		};
/* End XCBuildConfiguration section */

/* Begin XCConfigurationList section */
		5425F3C0236CC1F500BD2AC8 /* Build configuration list for PBXProject "Offarat" */ = {
			isa = XCConfigurationList;
			buildConfigurations = (
				5425F3EB236CC1F800BD2AC8 /* Debug */,
				5425F3EC236CC1F800BD2AC8 /* Release */,
			);
			defaultConfigurationIsVisible = 0;
			defaultConfigurationName = Release;
		};
		5425F3ED236CC1F800BD2AC8 /* Build configuration list for PBXNativeTarget "Offarat" */ = {
			isa = XCConfigurationList;
			buildConfigurations = (
				5425F3EE236CC1F800BD2AC8 /* Debug */,
				5425F3EF236CC1F800BD2AC8 /* Release */,
			);
			defaultConfigurationIsVisible = 0;
			defaultConfigurationName = Release;
		};
/* End XCConfigurationList section */
	};
	rootObject = 5425F3BD236CC1F500BD2AC8 /* Project object */;
}
